
Microsoft Visual Studio Solution File, Format Version 12.00
# Visual Studio Version 16
VisualStudioVersion = 16.0.30907.101
MinimumVisualStudioVersion = 10.0.40219.1
Project("{FAE04EC0-301F-11D3-BF4B-00C04F79EFBC}") = "backend", "backend.csproj", "{ADF92B57-B277-440F-BE12-D55E70D7F3C4}"
EndProject
Global
	GlobalSection(SolutionConfigurationPlatforms) = preSolution
		Debug|Any CPU = Debug|Any CPU
		Release|Any CPU = Release|Any CPU
	EndGlobalSection
	GlobalSection(ProjectConfigurationPlatforms) = postSolution
		{ADF92B57-B277-440F-BE12-D55E70D7F3C4}.Debug|Any CPU.ActiveCfg = Debug|Any CPU
		{ADF92B57-B277-440F-BE12-D55E70D7F3C4}.Debug|Any CPU.Build.0 = Debug|Any CPU
		{ADF92B57-B277-440F-BE12-D55E70D7F3C4}.Release|Any CPU.ActiveCfg = Release|Any CPU
		{ADF92B57-B277-440F-BE12-D55E70D7F3C4}.Release|Any CPU.Build.0 = Release|Any CPU
	EndGlobalSection
	GlobalSection(SolutionProperties) = preSolution
		HideSolutionNode = FALSE
	EndGlobalSection
	GlobalSection(ExtensibilityGlobals) = postSolution
		SolutionGuid = {68DABD3C-B070-4CE0-B8ED-A4EBCD16F99C}
	EndGlobalSection
EndGlobal
